{
  "version": 4,
  "terraform_version": "1.1.9",
  "serial": 3,
  "lineage": "3c614bc5-95ca-0362-d97f-6c1ed192c9fa",
  "outputs": {},
  "resources": [
    {
      "mode": "managed",
      "type": "github_repository",
      "name": "repository",
      "provider": "provider[\"registry.terraform.io/hashicorp/github\"]",
      "instances": [
        {
          "schema_version": 0,
          "attributes": {
            "allow_merge_commit": true,
            "allow_rebase_merge": true,
            "allow_squash_merge": true,
            "archived": false,
            "auto_init": true,
            "default_branch": "main",
            "delete_branch_on_merge": false,
            "description": "This repository only exists for testing purposes.",
            "etag": "W/\"afb20eabcd975be69e2c3522cb6dc9bdfff8182efad337eae88efe9772a7ad00\"",
            "full_name": "super-awesome-org/a-test-repository",
            "git_clone_url": "git://github.com/super-awesome-org/a-test-repository.git",
            "gitignore_template": null,
            "has_downloads": false,
            "has_issues": false,
            "has_projects": false,
            "has_wiki": false,
            "homepage_url": "",
            "html_url": "https://github.com/super-awesome-org/a-test-repository",
            "http_clone_url": "https://github.com/super-awesome-org/a-test-repository.git",
            "id": "a-test-repository",
            "is_template": false,
            "license_template": null,
            "name": "a-test-repository",
            "node_id": "R_kgDOHVFpMA",
            "private": false,
            "ssh_clone_url": "git@github.com:super-awesome-org/a-test-repository.git",
            "svn_url": "https://github.com/super-awesome-org/a-test-repository",
            "template": [],
            "topics": null
          },
          "sensitive_attributes": [],
          "private": "bnVsbA=="
        }
      ]
    }
  ]
}
